
<<<<<<< HEAD
<<<<<<< HEAD
Microsoft Visual Studio Solution File, Format Version 11.00
# Visual Studio 2010
=======
Microsoft Visual Studio Solution File, Format Version 12.00
# Visual Studio 16
>>>>>>> 2ffb2153962c5a5de318086ad124fed0b7f6fe0f
=======
Microsoft Visual Studio Solution File, Format Version 12.00
# Visual Studio 16
>>>>>>> 2ffb2153962c5a5de318086ad124fed0b7f6fe0f
Project("{FAE04EC0-301F-11D3-BF4B-00C04F79EFBC}") = "Assembly-CSharp", "Assembly-CSharp.csproj", "{C48C9456-70E0-FE16-F2D7-064A8920F2DE}"
EndProject
Global
	GlobalSection(SolutionConfigurationPlatforms) = preSolution
		Debug|Any CPU = Debug|Any CPU
		Release|Any CPU = Release|Any CPU
	EndGlobalSection
	GlobalSection(ProjectConfigurationPlatforms) = postSolution
		{C48C9456-70E0-FE16-F2D7-064A8920F2DE}.Debug|Any CPU.ActiveCfg = Debug|Any CPU
		{C48C9456-70E0-FE16-F2D7-064A8920F2DE}.Debug|Any CPU.Build.0 = Debug|Any CPU
		{C48C9456-70E0-FE16-F2D7-064A8920F2DE}.Release|Any CPU.ActiveCfg = Release|Any CPU
		{C48C9456-70E0-FE16-F2D7-064A8920F2DE}.Release|Any CPU.Build.0 = Release|Any CPU
	EndGlobalSection
	GlobalSection(SolutionProperties) = preSolution
		HideSolutionNode = FALSE
	EndGlobalSection
	GlobalSection(MonoDevelopProperties) = preSolution
		StartupItem = Assembly-CSharp.csproj
	EndGlobalSection
EndGlobal
